# THIS IS AN AUTOGENERATED FILE. DO NOT EDIT THIS FILE DIRECTLY.
# yarn lockfile v1


dotenv-safe@^6.1.0:
  version "6.1.0"
  resolved "https://registry.yarnpkg.com/dotenv-safe/-/dotenv-safe-6.1.0.tgz#df6e72ced7d5bcfd9d870c9f656962a02197337b"
  integrity sha512-O02OUTS+XmoRNZR4kRjJ9jlUGvQoXpMeTVVEBc8hUtgvPTgVZpsZH7TOocq4RVDpPrs2xGPwj6gIWjqRX+ErHA==
  dependencies:
    dotenv "^6.1.0"

dotenv@^6.1.0:
  version "6.2.0"
  resolved "https://registry.yarnpkg.com/dotenv/-/dotenv-6.2.0.tgz#941c0410535d942c8becf28d3f357dbd9d476064"
  integrity sha512-HygQCKUBSFl8wKQZBSemMywRWcEDNidvNbjGVyZu3nbZ8qq9ubiPoGLMdRDpfSrpkkm9BXYFkpKxxFX38o/76w==

minimist@0.0.8:
  version "0.0.8"
  resolved "https://registry.yarnpkg.com/minimist/-/minimist-0.0.8.tgz#857fcabfc3397d2625b8228262e86aa7a011b05d"
  integrity sha1-hX/Kv8M5fSYluCKCYuhqp6ARsF0=

mkdirp@~0.5.0:
  version "0.5.1"
  resolved "https://registry.yarnpkg.com/mkdirp/-/mkdirp-0.5.1.tgz#30057438eac6cf7f8c4767f38648d6697d75c903"
  integrity sha1-MAV0OOrGz3+MR2fzhkjWaX11yQM=
  dependencies:
    minimist "0.0.8"

plotly@^1.0.6:
  version "1.0.6"
  resolved "https://registry.yarnpkg.com/plotly/-/plotly-1.0.6.tgz#b2672c3df88333625bdf684982d0e3f6521d7aaa"
  integrity sha1-smcsPfiDM2Jb32hJgtDj9lIdeqo=
  dependencies:
    mkdirp "~0.5.0"
